
Microsoft Visual Studio Solution File, Format Version 12.00
# Visual Studio Version 16
VisualStudioVersion = 16.0.31605.320
MinimumVisualStudioVersion = 10.0.40219.1
Project("{FAE04EC0-301F-11D3-BF4B-00C04F79EFBC}") = "Kaczorek.BL", "Kaczorek.BL\Kaczorek.BL.csproj", "{98B8EB20-D81E-430B-9987-D1D1FDE390A0}"
EndProject
Project("{2150E333-8FDC-42A3-9474-1A3956D46DE8}") = "Testy", "Testy", "{D53EA3EF-C1F5-477F-98E8-1644979ED3C9}"
EndProject
Project("{FAE04EC0-301F-11D3-BF4B-00C04F79EFBC}") = "Kaczorek.BLTest", "Kaczorek.BLTest\Kaczorek.BLTest.csproj", "{AC584D22-2326-4DDE-983F-12937FE1161C}"
EndProject
Global
	GlobalSection(SolutionConfigurationPlatforms) = preSolution
		Debug|Any CPU = Debug|Any CPU
		Release|Any CPU = Release|Any CPU
	EndGlobalSection
	GlobalSection(ProjectConfigurationPlatforms) = postSolution
		{98B8EB20-D81E-430B-9987-D1D1FDE390A0}.Debug|Any CPU.ActiveCfg = Debug|Any CPU
		{98B8EB20-D81E-430B-9987-D1D1FDE390A0}.Debug|Any CPU.Build.0 = Debug|Any CPU
		{98B8EB20-D81E-430B-9987-D1D1FDE390A0}.Release|Any CPU.ActiveCfg = Release|Any CPU
		{98B8EB20-D81E-430B-9987-D1D1FDE390A0}.Release|Any CPU.Build.0 = Release|Any CPU
		{AC584D22-2326-4DDE-983F-12937FE1161C}.Debug|Any CPU.ActiveCfg = Debug|Any CPU
		{AC584D22-2326-4DDE-983F-12937FE1161C}.Debug|Any CPU.Build.0 = Debug|Any CPU
		{AC584D22-2326-4DDE-983F-12937FE1161C}.Release|Any CPU.ActiveCfg = Release|Any CPU
		{AC584D22-2326-4DDE-983F-12937FE1161C}.Release|Any CPU.Build.0 = Release|Any CPU
	EndGlobalSection
	GlobalSection(SolutionProperties) = preSolution
		HideSolutionNode = FALSE
	EndGlobalSection
	GlobalSection(NestedProjects) = preSolution
		{AC584D22-2326-4DDE-983F-12937FE1161C} = {D53EA3EF-C1F5-477F-98E8-1644979ED3C9}
	EndGlobalSection
	GlobalSection(ExtensibilityGlobals) = postSolution
		SolutionGuid = {8BAF87E8-6196-442B-9B51-9D024E6C5F7C}
	EndGlobalSection
EndGlobal
